
Microsoft Visual Studio Solution File, Format Version 12.00
# Visual Studio 15
VisualStudioVersion = 15.0.28307.2092
MinimumVisualStudioVersion = 10.0.40219.1
Project("{FAE04EC0-301F-11D3-BF4B-00C04F79EFBC}") = "Ejercicio_1", "Ejercicio_1\Ejercicio_1.csproj", "{D064C081-288B-4F83-B0B5-6199F211FBE9}"
EndProject
Project("{FAE04EC0-301F-11D3-BF4B-00C04F79EFBC}") = "Ejercicio_2", "Ejercicio_2\Ejercicio_2.csproj", "{550CC6B4-FE23-4529-9B65-6336953F2A50}"
EndProject
Project("{FAE04EC0-301F-11D3-BF4B-00C04F79EFBC}") = "Ejercicio_3", "Ejercicio_3\Ejercicio_3.csproj", "{8AF0BF18-30A7-42C1-8C74-A8A2513A9A70}"
EndProject
Project("{FAE04EC0-301F-11D3-BF4B-00C04F79EFBC}") = "Ejercicio_4_Clases", "Ejercicio_4_Clases\Ejercicio_4_Clases.csproj", "{393FC54D-844D-4A08-8731-069BBA2D1067}"
EndProject
Project("{FAE04EC0-301F-11D3-BF4B-00C04F79EFBC}") = "Ejercicio_5_Factorial", "Ejercicio_5_Factorial\Ejercicio_5_Factorial.csproj", "{3D387D45-EC9D-4418-9C39-5C0F87040486}"
EndProject
Project("{FAE04EC0-301F-11D3-BF4B-00C04F79EFBC}") = "Ejercicio_6_Burbuja", "Ejercicio_6_Burbuja\Ejercicio_6_Burbuja.csproj", "{B4CE3952-8BDE-4B33-AE4B-95B4F4A947A2}"
EndProject
Global
	GlobalSection(SolutionConfigurationPlatforms) = preSolution
		Debug|Any CPU = Debug|Any CPU
		Release|Any CPU = Release|Any CPU
	EndGlobalSection
	GlobalSection(ProjectConfigurationPlatforms) = postSolution
		{D064C081-288B-4F83-B0B5-6199F211FBE9}.Debug|Any CPU.ActiveCfg = Debug|Any CPU
		{D064C081-288B-4F83-B0B5-6199F211FBE9}.Debug|Any CPU.Build.0 = Debug|Any CPU
		{D064C081-288B-4F83-B0B5-6199F211FBE9}.Release|Any CPU.ActiveCfg = Release|Any CPU
		{D064C081-288B-4F83-B0B5-6199F211FBE9}.Release|Any CPU.Build.0 = Release|Any CPU
		{550CC6B4-FE23-4529-9B65-6336953F2A50}.Debug|Any CPU.ActiveCfg = Debug|Any CPU
		{550CC6B4-FE23-4529-9B65-6336953F2A50}.Debug|Any CPU.Build.0 = Debug|Any CPU
		{550CC6B4-FE23-4529-9B65-6336953F2A50}.Release|Any CPU.ActiveCfg = Release|Any CPU
		{550CC6B4-FE23-4529-9B65-6336953F2A50}.Release|Any CPU.Build.0 = Release|Any CPU
		{8AF0BF18-30A7-42C1-8C74-A8A2513A9A70}.Debug|Any CPU.ActiveCfg = Debug|Any CPU
		{8AF0BF18-30A7-42C1-8C74-A8A2513A9A70}.Debug|Any CPU.Build.0 = Debug|Any CPU
		{8AF0BF18-30A7-42C1-8C74-A8A2513A9A70}.Release|Any CPU.ActiveCfg = Release|Any CPU
		{8AF0BF18-30A7-42C1-8C74-A8A2513A9A70}.Release|Any CPU.Build.0 = Release|Any CPU
		{393FC54D-844D-4A08-8731-069BBA2D1067}.Debug|Any CPU.ActiveCfg = Debug|Any CPU
		{393FC54D-844D-4A08-8731-069BBA2D1067}.Debug|Any CPU.Build.0 = Debug|Any CPU
		{393FC54D-844D-4A08-8731-069BBA2D1067}.Release|Any CPU.ActiveCfg = Release|Any CPU
		{393FC54D-844D-4A08-8731-069BBA2D1067}.Release|Any CPU.Build.0 = Release|Any CPU
		{3D387D45-EC9D-4418-9C39-5C0F87040486}.Debug|Any CPU.ActiveCfg = Debug|Any CPU
		{3D387D45-EC9D-4418-9C39-5C0F87040486}.Debug|Any CPU.Build.0 = Debug|Any CPU
		{3D387D45-EC9D-4418-9C39-5C0F87040486}.Release|Any CPU.ActiveCfg = Release|Any CPU
		{3D387D45-EC9D-4418-9C39-5C0F87040486}.Release|Any CPU.Build.0 = Release|Any CPU
		{B4CE3952-8BDE-4B33-AE4B-95B4F4A947A2}.Debug|Any CPU.ActiveCfg = Debug|Any CPU
		{B4CE3952-8BDE-4B33-AE4B-95B4F4A947A2}.Debug|Any CPU.Build.0 = Debug|Any CPU
		{B4CE3952-8BDE-4B33-AE4B-95B4F4A947A2}.Release|Any CPU.ActiveCfg = Release|Any CPU
		{B4CE3952-8BDE-4B33-AE4B-95B4F4A947A2}.Release|Any CPU.Build.0 = Release|Any CPU
	EndGlobalSection
	GlobalSection(SolutionProperties) = preSolution
		HideSolutionNode = FALSE
	EndGlobalSection
	GlobalSection(ExtensibilityGlobals) = postSolution
		SolutionGuid = {FC1BB0F7-D7D7-48F0-B366-991936CA8192}
	EndGlobalSection
EndGlobal
